
Microsoft Visual Studio Solution File, Format Version 12.00
# Visual Studio 14
VisualStudioVersion = 14.0.23107.0
MinimumVisualStudioVersion = 10.0.40219.1
Project("{FAE04EC0-301F-11D3-BF4B-00C04F79EFBC}") = "EloquentJavascipt", "EloquentJavascipt\EloquentJavascipt.csproj", "{08388D77-8205-43E4-97C3-7F6BF6D82D49}"
EndProject
Project("{FAE04EC0-301F-11D3-BF4B-00C04F79EFBC}") = "Electronic Life", "Electronic Life\Electronic Life.csproj", "{84FF75DF-9014-47C1-AD2C-ABAAA3A6ABB4}"
EndProject
Global
	GlobalSection(SolutionConfigurationPlatforms) = preSolution
		Debug|Any CPU = Debug|Any CPU
		Debug|Mixed Platforms = Debug|Mixed Platforms
		Debug|x86 = Debug|x86
		Dev|Any CPU = Dev|Any CPU
		Dev|Mixed Platforms = Dev|Mixed Platforms
		Dev|x86 = Dev|x86
		PreQA|Any CPU = PreQA|Any CPU
		PreQA|Mixed Platforms = PreQA|Mixed Platforms
		PreQA|x86 = PreQA|x86
		Release|Any CPU = Release|Any CPU
		Release|Mixed Platforms = Release|Mixed Platforms
		Release|x86 = Release|x86
	EndGlobalSection
	GlobalSection(ProjectConfigurationPlatforms) = postSolution
		{08388D77-8205-43E4-97C3-7F6BF6D82D49}.Debug|Any CPU.ActiveCfg = Debug|Any CPU
		{08388D77-8205-43E4-97C3-7F6BF6D82D49}.Debug|Any CPU.Build.0 = Debug|Any CPU
		{08388D77-8205-43E4-97C3-7F6BF6D82D49}.Debug|Mixed Platforms.ActiveCfg = Debug|Any CPU
		{08388D77-8205-43E4-97C3-7F6BF6D82D49}.Debug|x86.ActiveCfg = Debug|Any CPU
		{08388D77-8205-43E4-97C3-7F6BF6D82D49}.Dev|Any CPU.ActiveCfg = Debug|Any CPU
		{08388D77-8205-43E4-97C3-7F6BF6D82D49}.Dev|Mixed Platforms.ActiveCfg = Debug|Any CPU
		{08388D77-8205-43E4-97C3-7F6BF6D82D49}.Dev|x86.ActiveCfg = Debug|Any CPU
		{08388D77-8205-43E4-97C3-7F6BF6D82D49}.PreQA|Any CPU.ActiveCfg = Release|Any CPU
		{08388D77-8205-43E4-97C3-7F6BF6D82D49}.PreQA|Mixed Platforms.ActiveCfg = Release|Any CPU
		{08388D77-8205-43E4-97C3-7F6BF6D82D49}.PreQA|x86.ActiveCfg = Release|Any CPU
		{08388D77-8205-43E4-97C3-7F6BF6D82D49}.Release|Any CPU.ActiveCfg = Release|Any CPU
		{08388D77-8205-43E4-97C3-7F6BF6D82D49}.Release|Any CPU.Build.0 = Release|Any CPU
		{08388D77-8205-43E4-97C3-7F6BF6D82D49}.Release|Mixed Platforms.ActiveCfg = Release|Any CPU
		{08388D77-8205-43E4-97C3-7F6BF6D82D49}.Release|x86.ActiveCfg = Release|Any CPU
		{84FF75DF-9014-47C1-AD2C-ABAAA3A6ABB4}.Debug|Any CPU.ActiveCfg = Debug|Any CPU
		{84FF75DF-9014-47C1-AD2C-ABAAA3A6ABB4}.Debug|Any CPU.Build.0 = Debug|Any CPU
		{84FF75DF-9014-47C1-AD2C-ABAAA3A6ABB4}.Debug|Mixed Platforms.ActiveCfg = Debug|Any CPU
		{84FF75DF-9014-47C1-AD2C-ABAAA3A6ABB4}.Debug|x86.ActiveCfg = Debug|Any CPU
		{84FF75DF-9014-47C1-AD2C-ABAAA3A6ABB4}.Dev|Any CPU.ActiveCfg = Debug|Any CPU
		{84FF75DF-9014-47C1-AD2C-ABAAA3A6ABB4}.Dev|Mixed Platforms.ActiveCfg = Debug|Any CPU
		{84FF75DF-9014-47C1-AD2C-ABAAA3A6ABB4}.Dev|x86.ActiveCfg = Debug|Any CPU
		{84FF75DF-9014-47C1-AD2C-ABAAA3A6ABB4}.PreQA|Any CPU.ActiveCfg = Release|Any CPU
		{84FF75DF-9014-47C1-AD2C-ABAAA3A6ABB4}.PreQA|Mixed Platforms.ActiveCfg = Release|Any CPU
		{84FF75DF-9014-47C1-AD2C-ABAAA3A6ABB4}.PreQA|x86.ActiveCfg = Release|Any CPU
		{84FF75DF-9014-47C1-AD2C-ABAAA3A6ABB4}.Release|Any CPU.ActiveCfg = Release|Any CPU
		{84FF75DF-9014-47C1-AD2C-ABAAA3A6ABB4}.Release|Any CPU.Build.0 = Release|Any CPU
		{84FF75DF-9014-47C1-AD2C-ABAAA3A6ABB4}.Release|Mixed Platforms.ActiveCfg = Release|Any CPU
		{84FF75DF-9014-47C1-AD2C-ABAAA3A6ABB4}.Release|x86.ActiveCfg = Release|Any CPU
	EndGlobalSection
	GlobalSection(SolutionProperties) = preSolution
		HideSolutionNode = FALSE
	EndGlobalSection
EndGlobal
